
Microsoft Visual Studio Solution File, Format Version 12.00
# Visual Studio Version 17
VisualStudioVersion = 17.9.34728.123
MinimumVisualStudioVersion = 10.0.40219.1
Project("{9A19103F-16F7-4668-BE54-9A1E7A4F7556}") = "ProductService", "ProductService\ProductService.csproj", "{48ADB73E-AD6B-4ECE-B64F-A4068D7CCA18}"
EndProject
Project("{9A19103F-16F7-4668-BE54-9A1E7A4F7556}") = "OrderService", "OrderService\OrderService.csproj", "{4DD0B791-6286-4BDF-B2CF-46253FB6A374}"
EndProject
Project("{2150E333-8FDC-42A3-9474-1A3956D46DE8}") = "Solution Items", "Solution Items", "{26C42B3E-7967-4F9D-8C68-439F92172F94}"
EndProject
Global
	GlobalSection(SolutionConfigurationPlatforms) = preSolution
		Debug|Any CPU = Debug|Any CPU
		Release|Any CPU = Release|Any CPU
	EndGlobalSection
	GlobalSection(ProjectConfigurationPlatforms) = postSolution
		{48ADB73E-AD6B-4ECE-B64F-A4068D7CCA18}.Debug|Any CPU.ActiveCfg = Debug|Any CPU
		{48ADB73E-AD6B-4ECE-B64F-A4068D7CCA18}.Debug|Any CPU.Build.0 = Debug|Any CPU
		{48ADB73E-AD6B-4ECE-B64F-A4068D7CCA18}.Release|Any CPU.ActiveCfg = Release|Any CPU
		{48ADB73E-AD6B-4ECE-B64F-A4068D7CCA18}.Release|Any CPU.Build.0 = Release|Any CPU
		{4DD0B791-6286-4BDF-B2CF-46253FB6A374}.Debug|Any CPU.ActiveCfg = Debug|Any CPU
		{4DD0B791-6286-4BDF-B2CF-46253FB6A374}.Debug|Any CPU.Build.0 = Debug|Any CPU
		{4DD0B791-6286-4BDF-B2CF-46253FB6A374}.Release|Any CPU.ActiveCfg = Release|Any CPU
		{4DD0B791-6286-4BDF-B2CF-46253FB6A374}.Release|Any CPU.Build.0 = Release|Any CPU
	EndGlobalSection
	GlobalSection(SolutionProperties) = preSolution
		HideSolutionNode = FALSE
	EndGlobalSection
	GlobalSection(ExtensibilityGlobals) = postSolution
		SolutionGuid = {65111632-E032-46B1-87B2-F48CAE2A11E0}
	EndGlobalSection
EndGlobal
